
Microsoft Visual Studio Solution File, Format Version 12.00
# Visual Studio Version 16
VisualStudioVersion = 16.0.30204.135
MinimumVisualStudioVersion = 10.0.40219.1
Project("{FAE04EC0-301F-11D3-BF4B-00C04F79EFBC}") = "Course_POO_Composicao_Exec02", "Course_POO_Composicao_Exec02\Course_POO_Composicao_Exec02.csproj", "{CF634F63-77CB-42D4-A710-CEC1E233CB7C}"
EndProject
Global
	GlobalSection(SolutionConfigurationPlatforms) = preSolution
		Debug|Any CPU = Debug|Any CPU
		Release|Any CPU = Release|Any CPU
	EndGlobalSection
	GlobalSection(ProjectConfigurationPlatforms) = postSolution
		{CF634F63-77CB-42D4-A710-CEC1E233CB7C}.Debug|Any CPU.ActiveCfg = Debug|Any CPU
		{CF634F63-77CB-42D4-A710-CEC1E233CB7C}.Debug|Any CPU.Build.0 = Debug|Any CPU
		{CF634F63-77CB-42D4-A710-CEC1E233CB7C}.Release|Any CPU.ActiveCfg = Release|Any CPU
		{CF634F63-77CB-42D4-A710-CEC1E233CB7C}.Release|Any CPU.Build.0 = Release|Any CPU
	EndGlobalSection
	GlobalSection(SolutionProperties) = preSolution
		HideSolutionNode = FALSE
	EndGlobalSection
	GlobalSection(ExtensibilityGlobals) = postSolution
		SolutionGuid = {9B38B161-B56A-4246-9CBE-A4CFB8065230}
	EndGlobalSection
EndGlobal
