
Microsoft Visual Studio Solution File, Format Version 12.00
# Visual Studio Version 16
VisualStudioVersion = 16.0.29613.14
MinimumVisualStudioVersion = 10.0.40219.1
Project("{FAE04EC0-301F-11D3-BF4B-00C04F79EFBC}") = "Course_POO_01_exec01", "Course_POO_01_exec01\Course_POO_01_exec01.csproj", "{91244630-005A-4F90-A0D8-4B13870490C4}"
EndProject
Global
	GlobalSection(SolutionConfigurationPlatforms) = preSolution
		Debug|Any CPU = Debug|Any CPU
		Release|Any CPU = Release|Any CPU
	EndGlobalSection
	GlobalSection(ProjectConfigurationPlatforms) = postSolution
		{91244630-005A-4F90-A0D8-4B13870490C4}.Debug|Any CPU.ActiveCfg = Debug|Any CPU
		{91244630-005A-4F90-A0D8-4B13870490C4}.Debug|Any CPU.Build.0 = Debug|Any CPU
		{91244630-005A-4F90-A0D8-4B13870490C4}.Release|Any CPU.ActiveCfg = Release|Any CPU
		{91244630-005A-4F90-A0D8-4B13870490C4}.Release|Any CPU.Build.0 = Release|Any CPU
	EndGlobalSection
	GlobalSection(SolutionProperties) = preSolution
		HideSolutionNode = FALSE
	EndGlobalSection
	GlobalSection(ExtensibilityGlobals) = postSolution
		SolutionGuid = {98C51454-6CFC-46BC-BD57-7AF4935A02E4}
	EndGlobalSection
EndGlobal
