
Microsoft Visual Studio Solution File, Format Version 12.00
# Visual Studio Version 16
VisualStudioVersion = 16.0.29613.14
MinimumVisualStudioVersion = 10.0.40219.1
Project("{FAE04EC0-301F-11D3-BF4B-00C04F79EFBC}") = "Course_POO_Vetores_exec01", "Course_POO_Vetores_exec01\Course_POO_Vetores_exec01.csproj", "{B4549C18-7197-43EA-A5E0-A3B947BEB7FB}"
EndProject
Global
	GlobalSection(SolutionConfigurationPlatforms) = preSolution
		Debug|Any CPU = Debug|Any CPU
		Release|Any CPU = Release|Any CPU
	EndGlobalSection
	GlobalSection(ProjectConfigurationPlatforms) = postSolution
		{B4549C18-7197-43EA-A5E0-A3B947BEB7FB}.Debug|Any CPU.ActiveCfg = Debug|Any CPU
		{B4549C18-7197-43EA-A5E0-A3B947BEB7FB}.Debug|Any CPU.Build.0 = Debug|Any CPU
		{B4549C18-7197-43EA-A5E0-A3B947BEB7FB}.Release|Any CPU.ActiveCfg = Release|Any CPU
		{B4549C18-7197-43EA-A5E0-A3B947BEB7FB}.Release|Any CPU.Build.0 = Release|Any CPU
	EndGlobalSection
	GlobalSection(SolutionProperties) = preSolution
		HideSolutionNode = FALSE
	EndGlobalSection
	GlobalSection(ExtensibilityGlobals) = postSolution
		SolutionGuid = {EA275B53-2035-4E14-8EE8-C9E973310831}
	EndGlobalSection
EndGlobal
