
Microsoft Visual Studio Solution File, Format Version 12.00
# Visual Studio Version 16
VisualStudioVersion = 16.0.30406.217
MinimumVisualStudioVersion = 10.0.40219.1
Project("{FAE04EC0-301F-11D3-BF4B-00C04F79EFBC}") = "Course_POO_Abstract_Exec01", "Course_POO_Abstract_Exec01\Course_POO_Abstract_Exec01.csproj", "{B893D144-397B-4F9B-9567-1F98910A4AD8}"
EndProject
Global
	GlobalSection(SolutionConfigurationPlatforms) = preSolution
		Debug|Any CPU = Debug|Any CPU
		Release|Any CPU = Release|Any CPU
	EndGlobalSection
	GlobalSection(ProjectConfigurationPlatforms) = postSolution
		{B893D144-397B-4F9B-9567-1F98910A4AD8}.Debug|Any CPU.ActiveCfg = Debug|Any CPU
		{B893D144-397B-4F9B-9567-1F98910A4AD8}.Debug|Any CPU.Build.0 = Debug|Any CPU
		{B893D144-397B-4F9B-9567-1F98910A4AD8}.Release|Any CPU.ActiveCfg = Release|Any CPU
		{B893D144-397B-4F9B-9567-1F98910A4AD8}.Release|Any CPU.Build.0 = Release|Any CPU
	EndGlobalSection
	GlobalSection(SolutionProperties) = preSolution
		HideSolutionNode = FALSE
	EndGlobalSection
	GlobalSection(ExtensibilityGlobals) = postSolution
		SolutionGuid = {6A354D4A-FF09-41F6-8FE8-CBFED1A46A5E}
	EndGlobalSection
EndGlobal
