
Microsoft Visual Studio Solution File, Format Version 12.00
# Visual Studio Version 16
VisualStudioVersion = 16.0.30204.135
MinimumVisualStudioVersion = 10.0.40219.1
Project("{FAE04EC0-301F-11D3-BF4B-00C04F79EFBC}") = "Course_POO_Composicao_Exec03", "Course_POO_Composicao_Exec03\Course_POO_Composicao_Exec03.csproj", "{12216177-1F7D-4430-A5F5-32E69DF05025}"
EndProject
Global
	GlobalSection(SolutionConfigurationPlatforms) = preSolution
		Debug|Any CPU = Debug|Any CPU
		Release|Any CPU = Release|Any CPU
	EndGlobalSection
	GlobalSection(ProjectConfigurationPlatforms) = postSolution
		{12216177-1F7D-4430-A5F5-32E69DF05025}.Debug|Any CPU.ActiveCfg = Debug|Any CPU
		{12216177-1F7D-4430-A5F5-32E69DF05025}.Debug|Any CPU.Build.0 = Debug|Any CPU
		{12216177-1F7D-4430-A5F5-32E69DF05025}.Release|Any CPU.ActiveCfg = Release|Any CPU
		{12216177-1F7D-4430-A5F5-32E69DF05025}.Release|Any CPU.Build.0 = Release|Any CPU
	EndGlobalSection
	GlobalSection(SolutionProperties) = preSolution
		HideSolutionNode = FALSE
	EndGlobalSection
	GlobalSection(ExtensibilityGlobals) = postSolution
		SolutionGuid = {64AAC777-4131-462C-9FAF-357525DBFB06}
	EndGlobalSection
EndGlobal
